
Microsoft Visual Studio Solution File, Format Version 12.00
# Visual Studio Version 17
VisualStudioVersion = 17.9.34701.34
MinimumVisualStudioVersion = 10.0.40219.1
Project("{9A19103F-16F7-4668-BE54-9A1E7A4F7556}") = "NZWalks", "NZWalks.Api\NZWalks.csproj", "{673C7728-5A53-463F-9987-F58726EDA69E}"
EndProject
Project("{FAE04EC0-301F-11D3-BF4B-00C04F79EFBC}") = "NZWalks.Web", "..\NZWalks.Web\NZWalks.Web.csproj", "{1ADC93E6-3B4B-4561-A603-A94D9F172B28}"
EndProject
Global
	GlobalSection(SolutionConfigurationPlatforms) = preSolution
		Debug|Any CPU = Debug|Any CPU
		Release|Any CPU = Release|Any CPU
	EndGlobalSection
	GlobalSection(ProjectConfigurationPlatforms) = postSolution
		{673C7728-5A53-463F-9987-F58726EDA69E}.Debug|Any CPU.ActiveCfg = Debug|Any CPU
		{673C7728-5A53-463F-9987-F58726EDA69E}.Debug|Any CPU.Build.0 = Debug|Any CPU
		{673C7728-5A53-463F-9987-F58726EDA69E}.Release|Any CPU.ActiveCfg = Release|Any CPU
		{673C7728-5A53-463F-9987-F58726EDA69E}.Release|Any CPU.Build.0 = Release|Any CPU
		{1ADC93E6-3B4B-4561-A603-A94D9F172B28}.Debug|Any CPU.ActiveCfg = Debug|Any CPU
		{1ADC93E6-3B4B-4561-A603-A94D9F172B28}.Debug|Any CPU.Build.0 = Debug|Any CPU
		{1ADC93E6-3B4B-4561-A603-A94D9F172B28}.Release|Any CPU.ActiveCfg = Release|Any CPU
		{1ADC93E6-3B4B-4561-A603-A94D9F172B28}.Release|Any CPU.Build.0 = Release|Any CPU
	EndGlobalSection
	GlobalSection(SolutionProperties) = preSolution
		HideSolutionNode = FALSE
	EndGlobalSection
	GlobalSection(ExtensibilityGlobals) = postSolution
		SolutionGuid = {FE7A470C-1D59-4E5D-A03E-F165B6AFCB70}
	EndGlobalSection
EndGlobal
